{
    "name": "ecommerce-automation",
    "version": "1.0.0",
    "lockfileVersion": 2,
    "requires": true,
    "packages": {
      "": {
        "name": "ecommerce-automation",
        "version": "1.0.0",
        "license": "ISC",
        "dependencies": {
          "cypress": "^9.6.1"
        },
        "devDependencies": {
          "cypress-cucumber-preprocessor": "^4.3.1"
        }
      },
      "node_modules/@ampproject/remapping": {
        "version": "2.2.0",
        "resolved": "https://registry.npmjs.org/@ampproject/remapping/-/remapping-2.2.0.tgz",
        "integrity": "sha512-qRmjj8nj9qmLTQXXmaR1cck3UXSRMPrbsLJAasZpF+t3riI71BXed5ebIOYwQntykeZuhjsdweEc9BxH5Jc26w==",
        "dev": true,
        "dependencies": {
          "@jridgewell/gen-mapping": "^0.1.0",
          "@jridgewell/trace-mapping": "^0.3.9"
        },
        "engines": {
          "node": ">=6.0.0"
        }
      },
      "node_modules/@babel/code-frame": {
        "version": "7.16.7",
        "resolved": "https://registry.npmjs.org/@babel/code-frame/-/code-frame-7.16.7.tgz",
        "integrity": "sha512-iAXqUn8IIeBTNd72xsFlgaXHkMBMt6y4HJp1tIaK465CWLT/fG1aqB7ykr95gHHmlBdGbFeWWfyB4NJJ0nmeIg==",
        "dev": true,
        "dependencies": {
          "@babel/highlight": "^7.16.7"
        },
        "engines": {
          "node": ">=6.9.0"
        }
      },
      "node_modules/@babel/compat-data": {
        "version": "7.17.10",
        "resolved": "https://registry.npmjs.org/@babel/compat-data/-/compat-data-7.17.10.tgz",
        "integrity": "sha512-GZt/TCsG70Ms19gfZO1tM4CVnXsPgEPBCpJu+Qz3L0LUDsY5nZqFZglIoPC1kIYOtNBZlrnFT+klg12vFGZXrw==",
        "dev": true,
        "engines": {
          "node": ">=6.9.0"
        }
      },
      "node_modules/@babel/core": {
        "version": "7.18.0",
        "resolved": "https://registry.npmjs.org/@babel/core/-/core-7.18.0.tgz",
        "integrity": "sha512-Xyw74OlJwDijToNi0+6BBI5mLLR5+5R3bcSH80LXzjzEGEUlvNzujEE71BaD/ApEZHAvFI/Mlmp4M5lIkdeeWw==",
        "dev": true,
        "dependencies": {
          "@ampproject/remapping": "^2.1.0",
          "@babel/code-frame": "^7.16.7",
          "@babel/generator": "^7.18.0",
          "@babel/helper-compilation-targets": "^7.17.10",
          "@babel/helper-module-transforms": "^7.18.0",
          "@babel/helpers": "^7.18.0",
          "@babel/parser": "^7.18.0",
          "@babel/template": "^7.16.7",
          "@babel/traverse": "^7.18.0",
          "@babel/types": "^7.18.0",
          "convert-source-map": "^1.7.0",
          "debug": "^4.1.0",
          "gensync": "^1.0.0-beta.2",
          "json5": "^2.2.1",
          "semver": "^6.3.0"
        },
        "engines": {
          "node": ">=6.9.0"
        },
        "funding": {
          "type": "opencollective",
          "url": "https://opencollective.com/babel"
        }
      },
      "node_modules/@babel/core/node_modules/semver": {
        "version": "6.3.0",
        "resolved": "https://registry.npmjs.org/semver/-/semver-6.3.0.tgz",
        "integrity": "sha512-b39TBaTSfV6yBrapU89p5fKekE2m/NwnDocOVruQFS1/veMgdzuPcnOM34M6CwxW8jH/lxEa5rBoDeUwu5HHTw==",
        "dev": true,
        "bin": {
          "semver": "bin/semver.js"
        }
      },
      "node_modules/@babel/generator": {
        "version": "7.18.0",
        "resolved": "https://registry.npmjs.org/@babel/generator/-/generator-7.18.0.tgz",
        "integrity": "sha512-81YO9gGx6voPXlvYdZBliFXAZU8vZ9AZ6z+CjlmcnaeOcYSFbMTpdeDUO9xD9dh/68Vq03I8ZspfUTPfitcDHg==",
        "dev": true,
        "dependencies": {
          "@babel/types": "^7.18.0",
          "@jridgewell/gen-mapping": "^0.3.0",
          "jsesc": "^2.5.1"
        },
        "engines": {
          "node": ">=6.9.0"
        }
      },
      "node_modules/@babel/generator/node_modules/@jridgewell/gen-mapping": {
        "version": "0.3.1",
        "resolved": "https://registry.npmjs.org/@jridgewell/gen-mapping/-/gen-mapping-0.3.1.tgz",
        "integrity": "sha512-GcHwniMlA2z+WFPWuY8lp3fsza0I8xPFMWL5+n8LYyP6PSvPrXf4+n8stDHZY2DM0zy9sVkRDy1jDI4XGzYVqg==",
        "dev": true,
        "dependencies": {
          "@jridgewell/set-array": "^1.0.0",
          "@jridgewell/sourcemap-codec": "^1.4.10",
          "@jridgewell/trace-mapping": "^0.3.9"
        },
        "engines": {
          "node": ">=6.0.0"
        }
      },
      "node_modules/@babel/helper-annotate-as-pure": {
        "version": "7.16.7",
        "resolved": "https://registry.npmjs.org/@babel/helper-annotate-as-pure/-/helper-annotate-as-pure-7.16.7.tgz",
        "integrity": "sha512-s6t2w/IPQVTAET1HitoowRGXooX8mCgtuP5195wD/QJPV6wYjpujCGF7JuMODVX2ZAJOf1GT6DT9MHEZvLOFSw==",
        "dev": true,
        "dependencies": {
          "@babel/types": "^7.16.7"
        },
        "engines": {
          "node": ">=6.9.0"
        }
      },
      "node_modules/@babel/helper-builder-binary-assignment-operator-visitor": {
        "version": "7.16.7",
        "resolved": "https://registry.npmjs.org/@babel/helper-builder-binary-assignment-operator-visitor/-/helper-builder-binary-assignment-operator-visitor-7.16.7.tgz",
        "integrity": "sha512-C6FdbRaxYjwVu/geKW4ZeQ0Q31AftgRcdSnZ5/jsH6BzCJbtvXvhpfkbkThYSuutZA7nCXpPR6AD9zd1dprMkA==",
        "dev": true,
        "dependencies": {
          "@babel/helper-explode-assignable-expression": "^7.16.7",
          "@babel/types": "^7.16.7"
        },
        "engines": {
          "node": ">=6.9.0"
        }
      },
      "node_modules/@babel/helper-compilation-targets": {
        "version": "7.17.10",
        "resolved": "https://registry.npmjs.org/@babel/helper-compilation-targets/-/helper-compilation-targets-7.17.10.tgz",
        "integrity": "sha512-gh3RxjWbauw/dFiU/7whjd0qN9K6nPJMqe6+Er7rOavFh0CQUSwhAE3IcTho2rywPJFxej6TUUHDkWcYI6gGqQ==",
        "dev": true,
        "dependencies": {
          "@babel/compat-data": "^7.17.10",
          "@babel/helper-validator-option": "^7.16.7",
          "browserslist": "^4.20.2",
          "semver": "^6.3.0"
        },
        "engines": {
          "node": ">=6.9.0"
        },
        "peerDependencies": {
          "@babel/core": "^7.0.0"
        }
      },
      